
Microsoft Visual Studio Solution File, Format Version 12.00
# Visual Studio Version 16
VisualStudioVersion = 16.0.29905.134
MinimumVisualStudioVersion = 10.0.40219.1
Project("{FAE04EC0-301F-11D3-BF4B-00C04F79EFBC}") = "AccountException", "AccountException\AccountException.csproj", "{3FCC7EFD-E231-4AC0-9CFB-3A77CFDD2AF7}"
EndProject
Global
	GlobalSection(SolutionConfigurationPlatforms) = preSolution
		Debug|Any CPU = Debug|Any CPU
		Release|Any CPU = Release|Any CPU
	EndGlobalSection
	GlobalSection(ProjectConfigurationPlatforms) = postSolution
		{3FCC7EFD-E231-4AC0-9CFB-3A77CFDD2AF7}.Debug|Any CPU.ActiveCfg = Debug|Any CPU
		{3FCC7EFD-E231-4AC0-9CFB-3A77CFDD2AF7}.Debug|Any CPU.Build.0 = Debug|Any CPU
		{3FCC7EFD-E231-4AC0-9CFB-3A77CFDD2AF7}.Release|Any CPU.ActiveCfg = Release|Any CPU
		{3FCC7EFD-E231-4AC0-9CFB-3A77CFDD2AF7}.Release|Any CPU.Build.0 = Release|Any CPU
	EndGlobalSection
	GlobalSection(SolutionProperties) = preSolution
		HideSolutionNode = FALSE
	EndGlobalSection
	GlobalSection(ExtensibilityGlobals) = postSolution
		SolutionGuid = {B077BBAB-AEC1-4E82-87D5-C9010EDDF845}
	EndGlobalSection
EndGlobal
